PODS:
  - AFNetworking (3.2.1):
    - AFNetworking/NSURLSession (= 3.2.1)
    - AFNetworking/Reachability (= 3.2.1)
    - AFNetworking/Security (= 3.2.1)
    - AFNetworking/Serialization (= 3.2.1)
    - AFNetworking/UIKit (= 3.2.1)
  - AFNetworking/NSURLSession (3.2.1):
    - AFNetworking/Reachability
    - AFNetworking/Security
    - AFNetworking/Serialization
  - AFNetworking/Reachability (3.2.1)
  - AFNetworking/Security (3.2.1)
  - AFNetworking/Serialization (3.2.1)
  - AFNetworking/UIKit (3.2.1):
    - AFNetworking/NSURLSession
  - FMDB (2.7.2):
    - FMDB/standard (= 2.7.2)
  - FMDB/standard (2.7.2)
  - Masonry (1.1.0)
  - MBProgressHUD (1.1.0)
  - ReactiveCocoa (2.5):
    - ReactiveCocoa/UI (= 2.5)
  - ReactiveCocoa/Core (2.5):
    - ReactiveCocoa/no-arc
  - ReactiveCocoa/no-arc (2.5)
  - ReactiveCocoa/UI (2.5):
    - ReactiveCocoa/Core
  - YYCache (1.0.4)
  - YYImage (1.0.4):
    - YYImage/Core (= 1.0.4)
  - YYImage/Core (1.0.4)
  - YYWebImage (1.0.5):
    - YYCache
    - YYImage
  - ZZAPIsKit (0.1.1):
    - AFNetworking
    - FMDB
  - ZZAuthorKit (0.1.1):
    - Masonry
    - ReactiveCocoa (~> 2.5)
    - YYWebImage
    - ZZAPIsKit (~> 0.1.1)
    - ZZCategoryKit (~> 0.1.1)
    - ZZConfigsKit
    - ZZMainViewKit
    - ZZReformerKeysKit
    - ZZToolsKit
  - ZZCategoryKit (0.1.1)
  - ZZConfigsKit (0.1.0)
  - ZZMainViewKit (0.1.0)
  - ZZReformerKeysKit (0.1.0)
  - ZZToolsKit (0.1.0):
    - MBProgressHUD

DEPENDENCIES:
  - ZZAuthorKit (from `../`)

SPEC REPOS:
  https://github.com/cocoapods/specs.git:
    - AFNetworking
    - FMDB
    - Masonry
    - MBProgressHUD
    - ReactiveCocoa
    - YYCache
    - YYImage
    - YYWebImage
  https://github.com/LeiZong/ZZSpecs.git:
    - ZZAPIsKit
    - ZZCategoryKit
    - ZZConfigsKit
    - ZZMainViewKit
    - ZZReformerKeysKit
    - ZZToolsKit

EXTERNAL SOURCES:
  ZZAuthorKit:
    :path: "../"

SPEC CHECKSUMS:
  AFNetworking: b6f891fdfaed196b46c7a83cf209e09697b94057
  FMDB: 6198a90e7b6900cfc046e6bc0ef6ebb7be9236aa
  Masonry: 678fab65091a9290e40e2832a55e7ab731aad201
  MBProgressHUD: e7baa36a220447d8aeb12769bf0585582f3866d9
  ReactiveCocoa: e2db045570aa97c695e7aa97c2bcab222ae51f4a
  YYCache: 8105b6638f5e849296c71f331ff83891a4942952
  YYImage: 1e1b62a9997399593e4b9c4ecfbbabbf1d3f3b54
  YYWebImage: 5f7f36aee2ae293f016d418c7d6ba05c4863e928
  ZZAPIsKit: b8f9e0713ffcd409afd4cdb00cb25a6b2ce5ccfa
  ZZAuthorKit: 32d58aa8c40a04d6ca89a432e66675d2f62b5c45
  ZZCategoryKit: 19bd29e6457b5abc2adfb5a32c26181e146508f1
  ZZConfigsKit: f8889beaab8df87bd5f32e95dbecbee810c6c3cd
  ZZMainViewKit: 672a9b24091d9253a7aaaf6c8d7e36a04359694d
  ZZReformerKeysKit: 29b28888c152644829f60929982ffdd6a3467d73
  ZZToolsKit: f8373541c1d20734ff3ff2e1e4f3f82f1036b1d7

PODFILE CHECKSUM: 6b2a4508ba7f68cbab6d622968a283b8f63cb7e5

COCOAPODS: 1.5.3
